{
  "name": "@convergence/admin-console",
  "version": "1.0.0-SNAPSHOT",
  "lockfileVersion": 1,
  "requires": true,
  "dependencies": {
    "@convergence/admin-console": {
      "version": "1.0.0-SNAPSHOT.1547386491317",
      "resolved": "https://nexus.dev.int.convergencelabs.tech/repository/npm-all/@convergence/admin-console/-/admin-console-1.0.0-SNAPSHOT.1547386491317.tgz",
      "integrity": "sha512-F1gTV5CCBGvP2NTRbGtj2exd2b0IwJomEbP+pQze/IupQevf5j9EAO40zVssf5wG9Lg/2Z88PZL47RMqD4XXcA=="
    }
  }
}
