{
  "name": "@convergence-internal/convergene-de",
  "version": "1.0.0-SNAPSHOT",
  "lockfileVersion": 1,
  "requires": true,
  "dependencies": {
    "@convergence-internal/admin-console": {
      "version": "1.0.0-SNAPSHOT.1550887536256",
      "resolved": "https://nexus.dev.int.convergencelabs.tech/repository/npm-convergence/@convergence-internal/admin-console/-/admin-console-1.0.0-SNAPSHOT.1550887536256.tgz",
      "integrity": "sha512-itd3wfwQrsH1nPX+CuQqpOKDFGJnZOw18s2QUUxXxhkfgUbPEdk+9ZKmVjq58sB+L352+4uOYVyzSoyEqsQ/tQ=="
    }
  }
}
