{
  "name": "@convergence-internal/convergene-de",
  "version": "1.0.0-SNAPSHOT",
  "lockfileVersion": 1,
  "requires": true,
  "dependencies": {
    "@convergence-internal/admin-console": {
      "version": "1.0.0-SNAPSHOT.1550995030906",
      "resolved": "https://nexus.dev.int.convergencelabs.tech/repository/npm-convergence/@convergence-internal/admin-console/-/admin-console-1.0.0-SNAPSHOT.1550995030906.tgz",
      "integrity": "sha512-XhSGgZAYLClK9T08DTZjx6Av3Uy8z/DIBo4VP1ZSJ19yQ77PLqTcSSMAUvdnV6fHBsAj9KHGQ0knySbZCA/IMQ=="
    }
  }
}
